
Microsoft Visual Studio Solution File, Format Version 12.00
# Visual Studio 2012
Project("{FAE04EC0-301F-11D3-BF4B-00C04F79EFBC}") = "Bikroy", "Bikroy\Bikroy.csproj", "{878EAE92-0EDB-4563-9CE6-77C06A6F17D5}"
EndProject
Global
	GlobalSection(SolutionConfigurationPlatforms) = preSolution
		Debug|Any CPU = Debug|Any CPU
		Release|Any CPU = Release|Any CPU
	EndGlobalSection
	GlobalSection(ProjectConfigurationPlatforms) = postSolution
		{878EAE92-0EDB-4563-9CE6-77C06A6F17D5}.Debug|Any CPU.ActiveCfg = Debug|Any CPU
		{878EAE92-0EDB-4563-9CE6-77C06A6F17D5}.Debug|Any CPU.Build.0 = Debug|Any CPU
		{878EAE92-0EDB-4563-9CE6-77C06A6F17D5}.Release|Any CPU.ActiveCfg = Release|Any CPU
		{878EAE92-0EDB-4563-9CE6-77C06A6F17D5}.Release|Any CPU.Build.0 = Release|Any CPU
	EndGlobalSection
	GlobalSection(SolutionProperties) = preSolution
		HideSolutionNode = FALSE
	EndGlobalSection
EndGlobal
